
Microsoft Visual Studio Solution File, Format Version 12.00
# Visual Studio 2013
VisualStudioVersion = 12.0.31101.0
MinimumVisualStudioVersion = 10.0.40219.1
Project("{FAE04EC0-301F-11D3-BF4B-00C04F79EFBC}") = "TCKimlik", "TCKimlik\TCKimlik.csproj", "{884468A8-FFE4-44F7-AA67-EDD90F71455F}"
EndProject
Project("{FAE04EC0-301F-11D3-BF4B-00C04F79EFBC}") = "TCKimlik.Test", "TCKimlik.Test\TCKimlik.Test.csproj", "{F1FE45F6-4D60-4447-B608-6124E24C0DBB}"
EndProject
Global
	GlobalSection(SolutionConfigurationPlatforms) = preSolution
		Debug|Any CPU = Debug|Any CPU
		Release|Any CPU = Release|Any CPU
	EndGlobalSection
	GlobalSection(ProjectConfigurationPlatforms) = postSolution
		{884468A8-FFE4-44F7-AA67-EDD90F71455F}.Debug|Any CPU.ActiveCfg = Debug|Any CPU
		{884468A8-FFE4-44F7-AA67-EDD90F71455F}.Debug|Any CPU.Build.0 = Debug|Any CPU
		{884468A8-FFE4-44F7-AA67-EDD90F71455F}.Release|Any CPU.ActiveCfg = Release|Any CPU
		{884468A8-FFE4-44F7-AA67-EDD90F71455F}.Release|Any CPU.Build.0 = Release|Any CPU
		{F1FE45F6-4D60-4447-B608-6124E24C0DBB}.Debug|Any CPU.ActiveCfg = Debug|Any CPU
		{F1FE45F6-4D60-4447-B608-6124E24C0DBB}.Debug|Any CPU.Build.0 = Debug|Any CPU
		{F1FE45F6-4D60-4447-B608-6124E24C0DBB}.Release|Any CPU.ActiveCfg = Release|Any CPU
		{F1FE45F6-4D60-4447-B608-6124E24C0DBB}.Release|Any CPU.Build.0 = Release|Any CPU
	EndGlobalSection
	GlobalSection(SolutionProperties) = preSolution
		HideSolutionNode = FALSE
	EndGlobalSection
EndGlobal
